
Microsoft Visual Studio Solution File, Format Version 12.00
# Visual Studio Version 17
VisualStudioVersion = 17.10.35122.118
MinimumVisualStudioVersion = 10.0.40219.1
Project("{FAE04EC0-301F-11D3-BF4B-00C04F79EFBC}") = "EstruturaDados", "EstruturaDados\EstruturaDados.csproj", "{FCBF7D58-43E6-4FE1-BE3D-F2487718724E}"
EndProject
Global
	GlobalSection(SolutionConfigurationPlatforms) = preSolution
		Debug|Any CPU = Debug|Any CPU
		Release|Any CPU = Release|Any CPU
	EndGlobalSection
	GlobalSection(ProjectConfigurationPlatforms) = postSolution
		{FCBF7D58-43E6-4FE1-BE3D-F2487718724E}.Debug|Any CPU.ActiveCfg = Debug|Any CPU
		{FCBF7D58-43E6-4FE1-BE3D-F2487718724E}.Debug|Any CPU.Build.0 = Debug|Any CPU
		{FCBF7D58-43E6-4FE1-BE3D-F2487718724E}.Release|Any CPU.ActiveCfg = Release|Any CPU
		{FCBF7D58-43E6-4FE1-BE3D-F2487718724E}.Release|Any CPU.Build.0 = Release|Any CPU
	EndGlobalSection
	GlobalSection(SolutionProperties) = preSolution
		HideSolutionNode = FALSE
	EndGlobalSection
	GlobalSection(ExtensibilityGlobals) = postSolution
		SolutionGuid = {E16F5793-573B-42FA-A52B-55D2DDBBB2ED}
	EndGlobalSection
EndGlobal
